// !$*UTF8*$!
{
	archiveVersion = 1;
	classes = {
	};
	objectVersion = 50;
	objects = {

/* Begin PBXBuildFile section */
		D2942A7026A40252004E5D02 /* AppDelegate.swift in Sources */ = {isa = PBXBuildFile; fileRef = D2942A6F26A40252004E5D02 /* AppDelegate.swift */; };
		D2942A7226A40252004E5D02 /* SceneDelegate.swift in Sources */ = {isa = PBXBuildFile; fileRef = D2942A7126A40252004E5D02 /* SceneDelegate.swift */; };
		D2942A7426A40252004E5D02 /* ViewController.swift in Sources */ = {isa = PBXBuildFile; fileRef = D2942A7326A40252004E5D02 /* ViewController.swift */; };
		D2942A7726A40252004E5D02 /* Main.storyboard in Resources */ = {isa = PBXBuildFile; fileRef = D2942A7526A40252004E5D02 /* Main.storyboard */; };
		D2942A7926A40253004E5D02 /* Assets.xcassets in Resources */ = {isa = PBXBuildFile; fileRef = D2942A7826A40253004E5D02 /* Assets.xcassets */; };
		D2942A7C26A40253004E5D02 /* LaunchScreen.storyboard in Resources */ = {isa = PBXBuildFile; fileRef = D2942A7A26A40253004E5D02 /* LaunchScreen.storyboard */; };
		D2942A8726A40253004E5D02 /* TEST_APPTests.swift in Sources */ = {isa = PBXBuildFile; fileRef = D2942A8626A40253004E5D02 /* TEST_APPTests.swift */; };
		D2942A9226A40253004E5D02 /* TEST_APPUITests.swift in Sources */ = {isa = PBXBuildFile; fileRef = D2942A9126A40253004E5D02 /* TEST_APPUITests.swift */; };
/* End PBXBuildFile section */

/* Begin PBXContainerItemProxy section */
		D2942A8326A40253004E5D02 /* PBXContainerItemProxy */ = {
			isa = PBXContainerItemProxy;
			containerPortal = D2942A6426A40252004E5D02 /* Project object */;
			proxyType = 1;
			remoteGlobalIDString = D2942A6B26A40252004E5D02;
			remoteInfo = TEST_APP;
		};
		D2942A8E26A40253004E5D02 /* PBXContainerItemProxy */ = {
			isa = PBXContainerItemProxy;
			containerPortal = D2942A6426A40252004E5D02 /* Project object */;
			proxyType = 1;
			remoteGlobalIDString = D2942A6B26A40252004E5D02;
			remoteInfo = TEST_APP;
		};
/* End PBXContainerItemProxy section */

/* Begin PBXFileReference section */
		D2942A6C26A40252004E5D02 /* TEST_APP.app */ = {isa = PBXFileReference; explicitFileType = wrapper.application; includeInIndex = 0; path = TEST_APP.app; sourceTree = BUILT_PRODUCTS_DIR; };
		D2942A6F26A40252004E5D02 /* AppDelegate.swift */ = {isa = PBXFileReference; lastKnownFileType = sourcecode.swift; path = AppDelegate.swift; sourceTree = "<group>"; };
		D2942A7126A40252004E5D02 /* SceneDelegate.swift */ = {isa = PBXFileReference; lastKnownFileType = sourcecode.swift; path = SceneDelegate.swift; sourceTree = "<group>"; };
		D2942A7326A40252004E5D02 /* ViewController.swift */ = {isa = PBXFileReference; lastKnownFileType = sourcecode.swift; path = ViewController.swift; sourceTree = "<group>"; };
		D2942A7626A40252004E5D02 /* Base */ = {isa = PBXFileReference; lastKnownFileType = file.storyboard; name = Base; path = Base.lproj/Main.storyboard; sourceTree = "<group>"; };
		D2942A7826A40253004E5D02 /* Assets.xcassets */ = {isa = PBXFileReference; lastKnownFileType = folder.assetcatalog; path = Assets.xcassets; sourceTree = "<group>"; };
		D2942A7B26A40253004E5D02 /* Base */ = {isa = PBXFileReference; lastKnownFileType = file.storyboard; name = Base; path = Base.lproj/LaunchScreen.storyboard; sourceTree = "<group>"; };
		D2942A7D26A40253004E5D02 /* Info.plist */ = {isa = PBXFileReference; lastKnownFileType = text.plist.xml; path = Info.plist; sourceTree = "<group>"; };
		D2942A8226A40253004E5D02 /* TEST_APPTests.xctest */ = {isa = PBXFileReference; explicitFileType = wrapper.cfbundle; includeInIndex = 0; path = TEST_APPTests.xctest; sourceTree = BUILT_PRODUCTS_DIR; };
		D2942A8626A40253004E5D02 /* TEST_APPTests.swift */ = {isa = PBXFileReference; lastKnownFileType = sourcecode.swift; path = TEST_APPTests.swift; sourceTree = "<group>"; };
		D2942A8826A40253004E5D02 /* Info.plist */ = {isa = PBXFileReference; lastKnownFileType = text.plist.xml; path = Info.plist; sourceTree = "<group>"; };
		D2942A8D26A40253004E5D02 /* TEST_APPUITests.xctest */ = {isa = PBXFileReference; explicitFileType = wrapper.cfbundle; includeInIndex = 0; path = TEST_APPUITests.xctest; sourceTree = BUILT_PRODUCTS_DIR; };
		D2942A9126A40253004E5D02 /* TEST_APPUITests.swift */ = {isa = PBXFileReference; lastKnownFileType = sourcecode.swift; path = TEST_APPUITests.swift; sourceTree = "<group>"; };
		D2942A9326A40253004E5D02 /* Info.plist */ = {isa = PBXFileReference; lastKnownFileType = text.plist.xml; path = Info.plist; sourceTree = "<group>"; };
/* End PBXFileReference section */

/* Begin PBXFrameworksBuildPhase section */
		D2942A6926A40252004E5D02 /* Frameworks */ = {
			isa = PBXFrameworksBuildPhase;
			buildActionMask = 2147483647;
			files = (
			);
			runOnlyForDeploymentPostprocessing = 0;
		};
		D2942A7F26A40253004E5D02 /* Frameworks */ = {
			isa = PBXFrameworksBuildPhase;
			buildActionMask = 2147483647;
			files = (
			);
			runOnlyForDeploymentPostprocessing = 0;
		};
		D2942A8A26A40253004E5D02 /* Frameworks */ = {
			isa = PBXFrameworksBuildPhase;
			buildActionMask = 2147483647;
			files = (
			);
			runOnlyForDeploymentPostprocessing = 0;
		};
/* End PBXFrameworksBuildPhase section */

/* Begin PBXGroup section */
		D2942A6326A40252004E5D02 = {
			isa = PBXGroup;
			children = (
				D2942A6E26A40252004E5D02 /* TEST_APP */,
				D2942A8526A40253004E5D02 /* TEST_APPTests */,
				D2942A9026A40253004E5D02 /* TEST_APPUITests */,
				D2942A6D26A40252004E5D02 /* Products */,
			);
			sourceTree = "<group>";
		};
		D2942A6D26A40252004E5D02 /* Products */ = {
			isa = PBXGroup;
			children = (
				D2942A6C26A40252004E5D02 /* TEST_APP.app */,
				D2942A8226A40253004E5D02 /* TEST_APPTests.xctest */,
				D2942A8D26A40253004E5D02 /* TEST_APPUITests.xctest */,
			);
			name = Products;
			sourceTree = "<group>";
		};
		D2942A6E26A40252004E5D02 /* TEST_APP */ = {
			isa = PBXGroup;
			children = (
				D2942A6F26A40252004E5D02 /* AppDelegate.swift */,
				D2942A7126A40252004E5D02 /* SceneDelegate.swift */,
				D2942A7326A40252004E5D02 /* ViewController.swift */,
				D2942A7526A40252004E5D02 /* Main.storyboard */,
				D2942A7826A40253004E5D02 /* Assets.xcassets */,
				D2942A7A26A40253004E5D02 /* LaunchScreen.storyboard */,
				D2942A7D26A40253004E5D02 /* Info.plist */,
			);
			path = TEST_APP;
			sourceTree = "<group>";
		};
		D2942A8526A40253004E5D02 /* TEST_APPTests */ = {
			isa = PBXGroup;
			children = (
				D2942A8626A40253004E5D02 /* TEST_APPTests.swift */,
				D2942A8826A40253004E5D02 /* Info.plist */,
			);
			path = TEST_APPTests;
			sourceTree = "<group>";
		};
		D2942A9026A40253004E5D02 /* TEST_APPUITests */ = {
			isa = PBXGroup;
			children = (
				D2942A9126A40253004E5D02 /* TEST_APPUITests.swift */,
				D2942A9326A40253004E5D02 /* Info.plist */,
			);
			path = TEST_APPUITests;
			sourceTree = "<group>";
		};
/* End PBXGroup section */

/* Begin PBXNativeTarget section */
		D2942A6B26A40252004E5D02 /* TEST_APP */ = {
			isa = PBXNativeTarget;
			buildConfigurationList = D2942A9626A40253004E5D02 /* Build configuration list for PBXNativeTarget "TEST_APP" */;
			buildPhases = (
				D2942A6826A40252004E5D02 /* Sources */,
				D2942A6926A40252004E5D02 /* Frameworks */,
				D2942A6A26A40252004E5D02 /* Resources */,
			);
			buildRules = (
			);
			dependencies = (
			);
			name = TEST_APP;
			productName = TEST_APP;
			productReference = D2942A6C26A40252004E5D02 /* TEST_APP.app */;
			productType = "com.apple.product-type.application";
		};
		D2942A8126A40253004E5D02 /* TEST_APPTests */ = {
			isa = PBXNativeTarget;
			buildConfigurationList = D2942A9926A40253004E5D02 /* Build configuration list for PBXNativeTarget "TEST_APPTests" */;
			buildPhases = (
				D2942A7E26A40253004E5D02 /* Sources */,
				D2942A7F26A40253004E5D02 /* Frameworks */,
				D2942A8026A40253004E5D02 /* Resources */,
			);
			buildRules = (
			);
			dependencies = (
				D2942A8426A40253004E5D02 /* PBXTargetDependency */,
			);
			name = TEST_APPTests;
			productName = TEST_APPTests;
			productReference = D2942A8226A40253004E5D02 /* TEST_APPTests.xctest */;
			productType = "com.apple.product-type.bundle.unit-test";
		};
		D2942A8C26A40253004E5D02 /* TEST_APPUITests */ = {
			isa = PBXNativeTarget;
			buildConfigurationList = D2942A9C26A40253004E5D02 /* Build configuration list for PBXNativeTarget "TEST_APPUITests" */;
			buildPhases = (
				D2942A8926A40253004E5D02 /* Sources */,
				D2942A8A26A40253004E5D02 /* Frameworks */,
				D2942A8B26A40253004E5D02 /* Resources */,
			);
			buildRules = (
			);
			dependencies = (
				D2942A8F26A40253004E5D02 /* PBXTargetDependency */,
			);
			name = TEST_APPUITests;
			productName = TEST_APPUITests;
			productReference = D2942A8D26A40253004E5D02 /* TEST_APPUITests.xctest */;
			productType = "com.apple.product-type.bundle.ui-testing";
		};
/* End PBXNativeTarget section */

/* Begin PBXProject section */
		D2942A6426A40252004E5D02 /* Project object */ = {
			isa = PBXProject;
			attributes = {
				LastSwiftUpdateCheck = 1250;
				LastUpgradeCheck = 1250;
				TargetAttributes = {
					D2942A6B26A40252004E5D02 = {
						CreatedOnToolsVersion = 12.5.1;
					};
					D2942A8126A40253004E5D02 = {
						CreatedOnToolsVersion = 12.5.1;
						TestTargetID = D2942A6B26A40252004E5D02;
					};
					D2942A8C26A40253004E5D02 = {
						CreatedOnToolsVersion = 12.5.1;
						TestTargetID = D2942A6B26A40252004E5D02;
					};
				};
			};
			buildConfigurationList = D2942A6726A40252004E5D02 /* Build configuration list for PBXProject "TEST_APP" */;
			compatibilityVersion = "Xcode 9.3";
			developmentRegion = en;
			hasScannedForEncodings = 0;
			knownRegions = (
				en,
				Base,
			);
			mainGroup = D2942A6326A40252004E5D02;
			productRefGroup = D2942A6D26A40252004E5D02 /* Products */;
			projectDirPath = "";
			projectRoot = "";
			targets = (
				D2942A6B26A40252004E5D02 /* TEST_APP */,
				D2942A8126A40253004E5D02 /* TEST_APPTests */,
				D2942A8C26A40253004E5D02 /* TEST_APPUITests */,
			);
		};
/* End PBXProject section */

/* Begin PBXResourcesBuildPhase section */
		D2942A6A26A40252004E5D02 /* Resources */ = {
			isa = PBXResourcesBuildPhase;
			buildActionMask = 2147483647;
			files = (
				D2942A7C26A40253004E5D02 /* LaunchScreen.storyboard in Resources */,
				D2942A7926A40253004E5D02 /* Assets.xcassets in Resources */,
				D2942A7726A40252004E5D02 /* Main.storyboard in Resources */,
			);
			runOnlyForDeploymentPostprocessing = 0;
		};
		D2942A8026A40253004E5D02 /* Resources */ = {
			isa = PBXResourcesBuildPhase;
			buildActionMask = 2147483647;
			files = (
			);
			runOnlyForDeploymentPostprocessing = 0;
		};
		D2942A8B26A40253004E5D02 /* Resources */ = {
			isa = PBXResourcesBuildPhase;
			buildActionMask = 2147483647;
			files = (
			);
			runOnlyForDeploymentPostprocessing = 0;
		};
/* End PBXResourcesBuildPhase section */

/* Begin PBXSourcesBuildPhase section */
		D2942A6826A40252004E5D02 /* Sources */ = {
			isa = PBXSourcesBuildPhase;
			buildActionMask = 2147483647;
			files = (
				D2942A7426A40252004E5D02 /* ViewController.swift in Sources */,
				D2942A7026A40252004E5D02 /* AppDelegate.swift in Sources */,
				D2942A7226A40252004E5D02 /* SceneDelegate.swift in Sources */,
			);
			runOnlyForDeploymentPostprocessing = 0;
		};
		D2942A7E26A40253004E5D02 /* Sources */ = {
			isa = PBXSourcesBuildPhase;
			buildActionMask = 2147483647;
			files = (
				D2942A8726A40253004E5D02 /* TEST_APPTests.swift in Sources */,
			);
			runOnlyForDeploymentPostprocessing = 0;
		};
		D2942A8926A40253004E5D02 /* Sources */ = {
			isa = PBXSourcesBuildPhase;
			buildActionMask = 2147483647;
			files = (
				D2942A9226A40253004E5D02 /* TEST_APPUITests.swift in Sources */,
			);
			runOnlyForDeploymentPostprocessing = 0;
		};
/* End PBXSourcesBuildPhase section */

/* Begin PBXTargetDependency section */
		D2942A8426A40253004E5D02 /* PBXTargetDependency */ = {
			isa = PBXTargetDependency;
			target = D2942A6B26A40252004E5D02 /* TEST_APP */;
			targetProxy = D2942A8326A40253004E5D02 /* PBXContainerItemProxy */;
		};
		D2942A8F26A40253004E5D02 /* PBXTargetDependency */ = {
			isa = PBXTargetDependency;
			target = D2942A6B26A40252004E5D02 /* TEST_APP */;
			targetProxy = D2942A8E26A40253004E5D02 /* PBXContainerItemProxy */;
		};
/* End PBXTargetDependency section */

/* Begin PBXVariantGroup section */
		D2942A7526A40252004E5D02 /* Main.storyboard */ = {
			isa = PBXVariantGroup;
			children = (
				D2942A7626A40252004E5D02 /* Base */,
			);
			name = Main.storyboard;
			sourceTree = "<group>";
		};
		D2942A7A26A40253004E5D02 /* LaunchScreen.storyboard */ = {
			isa = PBXVariantGroup;
			children = (
				D2942A7B26A40253004E5D02 /* Base */,
			);
			name = LaunchScreen.storyboard;
			sourceTree = "<group>";
		};
/* End PBXVariantGroup section */

/* Begin XCBuildConfiguration section */
		D2942A9426A40253004E5D02 /* Debug */ = {
			isa = XCBuildConfiguration;
			buildSettings = {
				ALWAYS_SEARCH_USER_PATHS = NO;
				CLANG_ANALYZER_NONNULL = YES;
				CLANG_ANALYZER_NUMBER_OBJECT_CONVERSION = YES_AGGRESSIVE;
				CLANG_CXX_LANGUAGE_STANDARD = "gnu++14";
				CLANG_CXX_LIBRARY = "libc++";
				CLANG_ENABLE_MODULES = YES;
				CLANG_ENABLE_OBJC_ARC = YES;
				CLANG_ENABLE_OBJC_WEAK = YES;
				CLANG_WARN_BLOCK_CAPTURE_AUTORELEASING = YES;
				CLANG_WARN_BOOL_CONVERSION = YES;
				CLANG_WARN_COMMA = YES;
				CLANG_WARN_CONSTANT_CONVERSION = YES;
				CLANG_WARN_DEPRECATED_OBJC_IMPLEMENTATIONS = YES;
				CLANG_WARN_DIRECT_OBJC_ISA_USAGE = YES_ERROR;
				CLANG_WARN_DOCUMENTATION_COMMENTS = YES;
				CLANG_WARN_EMPTY_BODY = YES;
				CLANG_WARN_ENUM_CONVERSION = YES;
				CLANG_WARN_INFINITE_RECURSION = YES;
				CLANG_WARN_INT_CONVERSION = YES;
				CLANG_WARN_NON_LITERAL_NULL_CONVERSION = YES;
				CLANG_WARN_OBJC_IMPLICIT_RETAIN_SELF = YES;
				CLANG_WARN_OBJC_LITERAL_CONVERSION = YES;
				CLANG_WARN_OBJC_ROOT_CLASS = YES_ERROR;
				CLANG_WARN_QUOTED_INCLUDE_IN_FRAMEWORK_HEADER = YES;
				CLANG_WARN_RANGE_LOOP_ANALYSIS = YES;
				CLANG_WARN_STRICT_PROTOTYPES = YES;
				CLANG_WARN_SUSPICIOUS_MOVE = YES;
				CLANG_WARN_UNGUARDED_AVAILABILITY = YES_AGGRESSIVE;
				CLANG_WARN_UNREACHABLE_CODE = YES;
				CLANG_WARN__DUPLICATE_METHOD_MATCH = YES;
				COPY_PHASE_STRIP = NO;
				DEBUG_INFORMATION_FORMAT = dwarf;
				ENABLE_STRICT_OBJC_MSGSEND = YES;
				ENABLE_TESTABILITY = YES;
				GCC_C_LANGUAGE_STANDARD = gnu11;
				GCC_DYNAMIC_NO_PIC = NO;
				GCC_NO_COMMON_BLOCKS = YES;
				GCC_OPTIMIZATION_LEVEL = 0;
				GCC_PREPROCESSOR_DEFINITIONS = (
					"DEBUG=1",
					"$(inherited)",
				);
				GCC_WARN_64_TO_32_BIT_CONVERSION = YES;
				GCC_WARN_ABOUT_RETURN_TYPE = YES_ERROR;
				GCC_WARN_UNDECLARED_SELECTOR = YES;
				GCC_WARN_UNINITIALIZED_AUTOS = YES_AGGRESSIVE;
				GCC_WARN_UNUSED_FUNCTION = YES;
				GCC_WARN_UNUSED_VARIABLE = YES;
				IPHONEOS_DEPLOYMENT_TARGET = 13.0;
				MTL_ENABLE_DEBUG_INFO = INCLUDE_SOURCE;
				MTL_FAST_MATH = YES;
				ONLY_ACTIVE_ARCH = YES;
				SDKROOT = iphoneos;
				SWIFT_ACTIVE_COMPILATION_CONDITIONS = DEBUG;
				SWIFT_OPTIMIZATION_LEVEL = "-Onone";
			};
			name = Debug;
		};
		D2942A9526A40253004E5D02 /* Release */ = {
			isa = XCBuildConfiguration;
			buildSettings = {
				ALWAYS_SEARCH_USER_PATHS = NO;
				CLANG_ANALYZER_NONNULL = YES;
				CLANG_ANALYZER_NUMBER_OBJECT_CONVERSION = YES_AGGRESSIVE;
				CLANG_CXX_LANGUAGE_STANDARD = "gnu++14";
				CLANG_CXX_LIBRARY = "libc++";
				CLANG_ENABLE_MODULES = YES;
				CLANG_ENABLE_OBJC_ARC = YES;
				CLANG_ENABLE_OBJC_WEAK = YES;
				CLANG_WARN_BLOCK_CAPTURE_AUTORELEASING = YES;
				CLANG_WARN_BOOL_CONVERSION = YES;
				CLANG_WARN_COMMA = YES;
				CLANG_WARN_CONSTANT_CONVERSION = YES;
				CLANG_WARN_DEPRECATED_OBJC_IMPLEMENTATIONS = YES;
				CLANG_WARN_DIRECT_OBJC_ISA_USAGE = YES_ERROR;
				CLANG_WARN_DOCUMENTATION_COMMENTS = YES;
				CLANG_WARN_EMPTY_BODY = YES;
				CLANG_WARN_ENUM_CONVERSION = YES;
				CLANG_WARN_INFINITE_RECURSION = YES;
				CLANG_WARN_INT_CONVERSION = YES;
				CLANG_WARN_NON_LITERAL_NULL_CONVERSION = YES;
				CLANG_WARN_OBJC_IMPLICIT_RETAIN_SELF = YES;
				CLANG_WARN_OBJC_LITERAL_CONVERSION = YES;
				CLANG_WARN_OBJC_ROOT_CLASS = YES_ERROR;
				CLANG_WARN_QUOTED_INCLUDE_IN_FRAMEWORK_HEADER = YES;
				CLANG_WARN_RANGE_LOOP_ANALYSIS = YES;
				CLANG_WARN_STRICT_PROTOTYPES = YES;
				CLANG_WARN_SUSPICIOUS_MOVE = YES;
				CLANG_WARN_UNGUARDED_AVAILABILITY = YES_AGGRESSIVE;
				CLANG_WARN_UNREACHABLE_CODE = YES;
				CLANG_WARN__DUPLICATE_METHOD_MATCH = YES;
				COPY_PHASE_STRIP = NO;
				DEBUG_INFORMATION_FORMAT = "dwarf-with-dsym";
				ENABLE_NS_ASSERTIONS = NO;
				ENABLE_STRICT_OBJC_MSGSEND = YES;
				GCC_C_LANGUAGE_STANDARD = gnu11;
				GCC_NO_COMMON_BLOCKS = YES;
				GCC_WARN_64_TO_32_BIT_CONVERSION = YES;
				GCC_WARN_ABOUT_RETURN_TYPE = YES_ERROR;
				GCC_WARN_UNDECLARED_SELECTOR = YES;
				GCC_WARN_UNINITIALIZED_AUTOS = YES_AGGRESSIVE;
				GCC_WARN_UNUSED_FUNCTION = YES;
				GCC_WARN_UNUSED_VARIABLE = YES;
				IPHONEOS_DEPLOYMENT_TARGET = 13.0;
				MTL_ENABLE_DEBUG_INFO = NO;
				MTL_FAST_MATH = YES;
				SDKROOT = iphoneos;
				SWIFT_COMPILATION_MODE = wholemodule;
				SWIFT_OPTIMIZATION_LEVEL = "-O";
				VALIDATE_PRODUCT = YES;
			};
			name = Release;
		};
		D2942A9726A40253004E5D02 /* Debug */ = {
			isa = XCBuildConfiguration;
			buildSettings = {
				ASSETCATALOG_COMPILER_APPICON_NAME = AppIcon;
				ASSETCATALOG_COMPILER_GLOBAL_ACCENT_COLOR_NAME = AccentColor;
				CODE_SIGN_STYLE = Automatic;
				INFOPLIST_FILE = TEST_APP/Info.plist;
				IPHONEOS_DEPLOYMENT_TARGET = 13.0;
				LD_RUNPATH_SEARCH_PATHS = (
					"$(inherited)",
					"@executable_path/Frameworks",
				);
				PRODUCT_BUNDLE_IDENTIFIER = "test.TEST-APP";
				PRODUCT_NAME = "$(TARGET_NAME)";
				SWIFT_VERSION = 5.0;
				TARGETED_DEVICE_FAMILY = 1;
			};
			name = Debug;
		};
		D2942A9826A40253004E5D02 /* Release */ = {
			isa = XCBuildConfiguration;
			buildSettings = {
				ASSETCATALOG_COMPILER_APPICON_NAME = AppIcon;
				ASSETCATALOG_COMPILER_GLOBAL_ACCENT_COLOR_NAME = AccentColor;
				CODE_SIGN_STYLE = Automatic;
				INFOPLIST_FILE = TEST_APP/Info.plist;
				IPHONEOS_DEPLOYMENT_TARGET = 13.0;
				LD_RUNPATH_SEARCH_PATHS = (
					"$(inherited)",
					"@executable_path/Frameworks",
				);
				PRODUCT_BUNDLE_IDENTIFIER = "test.TEST-APP";
				PRODUCT_NAME = "$(TARGET_NAME)";
				SWIFT_VERSION = 5.0;
				TARGETED_DEVICE_FAMILY = 1;
			};
			name = Release;
		};
		D2942A9A26A40253004E5D02 /* Debug */ = {
			isa = XCBuildConfiguration;
			buildSettings = {
				ALWAYS_EMBED_SWIFT_STANDARD_LIBRARIES = YES;
				BUNDLE_LOADER = "$(TEST_HOST)";
				CODE_SIGN_STYLE = Automatic;
				INFOPLIST_FILE = TEST_APPTests/Info.plist;
				IPHONEOS_DEPLOYMENT_TARGET = 14.5;
				LD_RUNPATH_SEARCH_PATHS = (
					"$(inherited)",
					"@executable_path/Frameworks",
					"@loader_path/Frameworks",
				);
				PRODUCT_BUNDLE_IDENTIFIER = "test.TEST-APPTests";
				PRODUCT_NAME = "$(TARGET_NAME)";
				SWIFT_VERSION = 5.0;
				TARGETED_DEVICE_FAMILY = 1;
				TEST_HOST = "$(BUILT_PRODUCTS_DIR)/TEST_APP.app/TEST_APP";
			};
			name = Debug;
		};
		D2942A9B26A40253004E5D02 /* Release */ = {
			isa = XCBuildConfiguration;
			buildSettings = {
				ALWAYS_EMBED_SWIFT_STANDARD_LIBRARIES = YES;
				BUNDLE_LOADER = "$(TEST_HOST)";
				CODE_SIGN_STYLE = Automatic;
				INFOPLIST_FILE = TEST_APPTests/Info.plist;
				IPHONEOS_DEPLOYMENT_TARGET = 14.5;
				LD_RUNPATH_SEARCH_PATHS = (
					"$(inherited)",
					"@executable_path/Frameworks",
					"@loader_path/Frameworks",
				);
				PRODUCT_BUNDLE_IDENTIFIER = "test.TEST-APPTests";
				PRODUCT_NAME = "$(TARGET_NAME)";
				SWIFT_VERSION = 5.0;
				TARGETED_DEVICE_FAMILY = 1;
				TEST_HOST = "$(BUILT_PRODUCTS_DIR)/TEST_APP.app/TEST_APP";
			};
			name = Release;
		};
		D2942A9D26A40253004E5D02 /* Debug */ = {
			isa = XCBuildConfiguration;
			buildSettings = {
				ALWAYS_EMBED_SWIFT_STANDARD_LIBRARIES = YES;
				CODE_SIGN_STYLE = Automatic;
				INFOPLIST_FILE = TEST_APPUITests/Info.plist;
				LD_RUNPATH_SEARCH_PATHS = (
					"$(inherited)",
					"@executable_path/Frameworks",
					"@loader_path/Frameworks",
				);
				PRODUCT_BUNDLE_IDENTIFIER = "test.TEST-APPUITests";
				PRODUCT_NAME = "$(TARGET_NAME)";
				SWIFT_VERSION = 5.0;
				TARGETED_DEVICE_FAMILY = 1;
				TEST_TARGET_NAME = TEST_APP;
			};
			name = Debug;
		};
		D2942A9E26A40253004E5D02 /* Release */ = {
			isa = XCBuildConfiguration;
			buildSettings = {
				ALWAYS_EMBED_SWIFT_STANDARD_LIBRARIES = YES;
				CODE_SIGN_STYLE = Automatic;
				INFOPLIST_FILE = TEST_APPUITests/Info.plist;
				LD_RUNPATH_SEARCH_PATHS = (
					"$(inherited)",
					"@executable_path/Frameworks",
					"@loader_path/Frameworks",
				);
				PRODUCT_BUNDLE_IDENTIFIER = "test.TEST-APPUITests";
				PRODUCT_NAME = "$(TARGET_NAME)";
				SWIFT_VERSION = 5.0;
				TARGETED_DEVICE_FAMILY = 1;
				TEST_TARGET_NAME = TEST_APP;
			};
			name = Release;
		};
/* End XCBuildConfiguration section */

/* Begin XCConfigurationList section */
		D2942A6726A40252004E5D02 /* Build configuration list for PBXProject "TEST_APP" */ = {
			isa = XCConfigurationList;
			buildConfigurations = (
				D2942A9426A40253004E5D02 /* Debug */,
				D2942A9526A40253004E5D02 /* Release */,
			);
			defaultConfigurationIsVisible = 0;
			defaultConfigurationName = Release;
		};
		D2942A9626A40253004E5D02 /* Build configuration list for PBXNativeTarget "TEST_APP" */ = {
			isa = XCConfigurationList;
			buildConfigurations = (
				D2942A9726A40253004E5D02 /* Debug */,
				D2942A9826A40253004E5D02 /* Release */,
			);
			defaultConfigurationIsVisible = 0;
			defaultConfigurationName = Release;
		};
		D2942A9926A40253004E5D02 /* Build configuration list for PBXNativeTarget "TEST_APPTests" */ = {
			isa = XCConfigurationList;
			buildConfigurations = (
				D2942A9A26A40253004E5D02 /* Debug */,
				D2942A9B26A40253004E5D02 /* Release */,
			);
			defaultConfigurationIsVisible = 0;
			defaultConfigurationName = Release;
		};
		D2942A9C26A40253004E5D02 /* Build configuration list for PBXNativeTarget "TEST_APPUITests" */ = {
			isa = XCConfigurationList;
			buildConfigurations = (
				D2942A9D26A40253004E5D02 /* Debug */,
				D2942A9E26A40253004E5D02 /* Release */,
			);
			defaultConfigurationIsVisible = 0;
			defaultConfigurationName = Release;
		};
/* End XCConfigurationList section */
	};
	rootObject = D2942A6426A40252004E5D02 /* Project object */;
}
